// !$*UTF8*$!
{
	archiveVersion = 1;
	classes = {
	};
	objectVersion = 50;
	objects = {

/* Begin PBXBuildFile section */
		A46B6C2E2359CA69005BDA8F /* PhotoSearchResultViewModel.swift in Sources */ = {isa = PBXBuildFile; fileRef = A46B6C2D2359CA69005BDA8F /* PhotoSearchResultViewModel.swift */; };
		A46C871C235CC5420044DA82 /* ImageDownloader.swift in Sources */ = {isa = PBXBuildFile; fileRef = A46C871B235CC5420044DA82 /* ImageDownloader.swift */; };
		A46C871E235CC5850044DA82 /* ImageTask.swift in Sources */ = {isa = PBXBuildFile; fileRef = A46C871D235CC5850044DA82 /* ImageTask.swift */; };
		A46E9DF12358C0A3002E2799 /* EndpointType.swift in Sources */ = {isa = PBXBuildFile; fileRef = A46E9DF02358C0A3002E2799 /* EndpointType.swift */; };
		A46E9DF32358CA37002E2799 /* FlickrEndpoint.swift in Sources */ = {isa = PBXBuildFile; fileRef = A46E9DF22358CA37002E2799 /* FlickrEndpoint.swift */; };
		A46E9DF52358D143002E2799 /* NetworkManager.swift in Sources */ = {isa = PBXBuildFile; fileRef = A46E9DF42358D143002E2799 /* NetworkManager.swift */; };
		A46E9DFA2358DCE2002E2799 /* PhotoSearchRespose.swift in Sources */ = {isa = PBXBuildFile; fileRef = A46E9DF92358DCE2002E2799 /* PhotoSearchRespose.swift */; };
		A46E9DFC2358DE39002E2799 /* FlickrPhoto.swift in Sources */ = {isa = PBXBuildFile; fileRef = A46E9DFB2358DE39002E2799 /* FlickrPhoto.swift */; };
		A49B6DFA23587AEB0086C21F /* AppDelegate.swift in Sources */ = {isa = PBXBuildFile; fileRef = A49B6DF923587AEB0086C21F /* AppDelegate.swift */; };
		A49B6DFF23587AEB0086C21F /* Main.storyboard in Resources */ = {isa = PBXBuildFile; fileRef = A49B6DFD23587AEB0086C21F /* Main.storyboard */; };
		A49B6E0123587AED0086C21F /* Assets.xcassets in Resources */ = {isa = PBXBuildFile; fileRef = A49B6E0023587AED0086C21F /* Assets.xcassets */; };
		A49B6E0423587AED0086C21F /* LaunchScreen.storyboard in Resources */ = {isa = PBXBuildFile; fileRef = A49B6E0223587AED0086C21F /* LaunchScreen.storyboard */; };
		A49B6E0F23587AEE0086C21F /* FlickrMeTests.swift in Sources */ = {isa = PBXBuildFile; fileRef = A49B6E0E23587AEE0086C21F /* FlickrMeTests.swift */; };
		A49B6E1A23587AEE0086C21F /* FlickrMeUITests.swift in Sources */ = {isa = PBXBuildFile; fileRef = A49B6E1923587AEE0086C21F /* FlickrMeUITests.swift */; };
		A49B6E3223587B570086C21F /* ParameterEncoding.swift in Sources */ = {isa = PBXBuildFile; fileRef = A49B6E2923587B570086C21F /* ParameterEncoding.swift */; };
		A49B6E3323587B570086C21F /* URLParameterEncoder.swift in Sources */ = {isa = PBXBuildFile; fileRef = A49B6E2A23587B570086C21F /* URLParameterEncoder.swift */; };
		A49B6E3423587B570086C21F /* JSONParameterEncoder.swift in Sources */ = {isa = PBXBuildFile; fileRef = A49B6E2B23587B570086C21F /* JSONParameterEncoder.swift */; };
		A49B6E3523587B570086C21F /* NetworkEndpoint.swift in Sources */ = {isa = PBXBuildFile; fileRef = A49B6E2F23587B570086C21F /* NetworkEndpoint.swift */; };
		A49B6E3623587B570086C21F /* HTTPTask.swift in Sources */ = {isa = PBXBuildFile; fileRef = A49B6E3023587B570086C21F /* HTTPTask.swift */; };
		A49B6E3B23587EEE0086C21F /* SearchPhotosViewController.swift in Sources */ = {isa = PBXBuildFile; fileRef = A49B6E3923587EED0086C21F /* SearchPhotosViewController.swift */; };
		A49B6E3E2358BF6C0086C21F /* PhotoViewCell.swift in Sources */ = {isa = PBXBuildFile; fileRef = A49B6E3D2358BF6C0086C21F /* PhotoViewCell.swift */; };
		A4D6BA00235B9AC8002001E6 /* FlickrPhotoDownloadEndpoint.swift in Sources */ = {isa = PBXBuildFile; fileRef = A4D6B9FF235B9AC8002001E6 /* FlickrPhotoDownloadEndpoint.swift */; };
/* End PBXBuildFile section */

/* Begin PBXContainerItemProxy section */
		A49B6E0B23587AEE0086C21F /* PBXContainerItemProxy */ = {
			isa = PBXContainerItemProxy;
			containerPortal = A49B6DEE23587AEB0086C21F /* Project object */;
			proxyType = 1;
			remoteGlobalIDString = A49B6DF523587AEB0086C21F;
			remoteInfo = FlickrMe;
		};
		A49B6E1623587AEE0086C21F /* PBXContainerItemProxy */ = {
			isa = PBXContainerItemProxy;
			containerPortal = A49B6DEE23587AEB0086C21F /* Project object */;
			proxyType = 1;
			remoteGlobalIDString = A49B6DF523587AEB0086C21F;
			remoteInfo = FlickrMe;
		};
/* End PBXContainerItemProxy section */

/* Begin PBXFileReference section */
		A46B6C2D2359CA69005BDA8F /* PhotoSearchResultViewModel.swift */ = {isa = PBXFileReference; lastKnownFileType = sourcecode.swift; path = PhotoSearchResultViewModel.swift; sourceTree = "<group>"; };
		A46C871B235CC5420044DA82 /* ImageDownloader.swift */ = {isa = PBXFileReference; lastKnownFileType = sourcecode.swift; path = ImageDownloader.swift; sourceTree = "<group>"; };
		A46C871D235CC5850044DA82 /* ImageTask.swift */ = {isa = PBXFileReference; lastKnownFileType = sourcecode.swift; path = ImageTask.swift; sourceTree = "<group>"; };
		A46E9DF02358C0A3002E2799 /* EndpointType.swift */ = {isa = PBXFileReference; fileEncoding = 4; lastKnownFileType = sourcecode.swift; path = EndpointType.swift; sourceTree = "<group>"; };
		A46E9DF22358CA37002E2799 /* FlickrEndpoint.swift */ = {isa = PBXFileReference; lastKnownFileType = sourcecode.swift; path = FlickrEndpoint.swift; sourceTree = "<group>"; };
		A46E9DF42358D143002E2799 /* NetworkManager.swift */ = {isa = PBXFileReference; lastKnownFileType = sourcecode.swift; path = NetworkManager.swift; sourceTree = "<group>"; };
		A46E9DF92358DCE2002E2799 /* PhotoSearchRespose.swift */ = {isa = PBXFileReference; lastKnownFileType = sourcecode.swift; path = PhotoSearchRespose.swift; sourceTree = "<group>"; };
		A46E9DFB2358DE39002E2799 /* FlickrPhoto.swift */ = {isa = PBXFileReference; fileEncoding = 4; lastKnownFileType = sourcecode.swift; path = FlickrPhoto.swift; sourceTree = "<group>"; };
		A49B6DF623587AEB0086C21F /* FlickrMe.app */ = {isa = PBXFileReference; explicitFileType = wrapper.application; includeInIndex = 0; path = FlickrMe.app; sourceTree = BUILT_PRODUCTS_DIR; };
		A49B6DF923587AEB0086C21F /* AppDelegate.swift */ = {isa = PBXFileReference; lastKnownFileType = sourcecode.swift; path = AppDelegate.swift; sourceTree = "<group>"; };
		A49B6DFE23587AEB0086C21F /* Base */ = {isa = PBXFileReference; lastKnownFileType = file.storyboard; name = Base; path = Base.lproj/Main.storyboard; sourceTree = "<group>"; };
		A49B6E0023587AED0086C21F /* Assets.xcassets */ = {isa = PBXFileReference; lastKnownFileType = folder.assetcatalog; path = Assets.xcassets; sourceTree = "<group>"; };
		A49B6E0323587AED0086C21F /* Base */ = {isa = PBXFileReference; lastKnownFileType = file.storyboard; name = Base; path = Base.lproj/LaunchScreen.storyboard; sourceTree = "<group>"; };
		A49B6E0523587AED0086C21F /* Info.plist */ = {isa = PBXFileReference; lastKnownFileType = text.plist.xml; path = Info.plist; sourceTree = "<group>"; };
		A49B6E0A23587AEE0086C21F /* FlickrMeTests.xctest */ = {isa = PBXFileReference; explicitFileType = wrapper.cfbundle; includeInIndex = 0; path = FlickrMeTests.xctest; sourceTree = BUILT_PRODUCTS_DIR; };
		A49B6E0E23587AEE0086C21F /* FlickrMeTests.swift */ = {isa = PBXFileReference; lastKnownFileType = sourcecode.swift; path = FlickrMeTests.swift; sourceTree = "<group>"; };
		A49B6E1023587AEE0086C21F /* Info.plist */ = {isa = PBXFileReference; lastKnownFileType = text.plist.xml; path = Info.plist; sourceTree = "<group>"; };
		A49B6E1523587AEE0086C21F /* FlickrMeUITests.xctest */ = {isa = PBXFileReference; explicitFileType = wrapper.cfbundle; includeInIndex = 0; path = FlickrMeUITests.xctest; sourceTree = BUILT_PRODUCTS_DIR; };
		A49B6E1923587AEE0086C21F /* FlickrMeUITests.swift */ = {isa = PBXFileReference; lastKnownFileType = sourcecode.swift; path = FlickrMeUITests.swift; sourceTree = "<group>"; };
		A49B6E1B23587AEE0086C21F /* Info.plist */ = {isa = PBXFileReference; lastKnownFileType = text.plist.xml; path = Info.plist; sourceTree = "<group>"; };
		A49B6E2923587B570086C21F /* ParameterEncoding.swift */ = {isa = PBXFileReference; fileEncoding = 4; lastKnownFileType = sourcecode.swift; path = ParameterEncoding.swift; sourceTree = "<group>"; };
		A49B6E2A23587B570086C21F /* URLParameterEncoder.swift */ = {isa = PBXFileReference; fileEncoding = 4; lastKnownFileType = sourcecode.swift; path = URLParameterEncoder.swift; sourceTree = "<group>"; };
		A49B6E2B23587B570086C21F /* JSONParameterEncoder.swift */ = {isa = PBXFileReference; fileEncoding = 4; lastKnownFileType = sourcecode.swift; path = JSONParameterEncoder.swift; sourceTree = "<group>"; };
		A49B6E2F23587B570086C21F /* NetworkEndpoint.swift */ = {isa = PBXFileReference; fileEncoding = 4; lastKnownFileType = sourcecode.swift; path = NetworkEndpoint.swift; sourceTree = "<group>"; };
		A49B6E3023587B570086C21F /* HTTPTask.swift */ = {isa = PBXFileReference; fileEncoding = 4; lastKnownFileType = sourcecode.swift; path = HTTPTask.swift; sourceTree = "<group>"; };
		A49B6E3923587EED0086C21F /* SearchPhotosViewController.swift */ = {isa = PBXFileReference; fileEncoding = 4; lastKnownFileType = sourcecode.swift; path = SearchPhotosViewController.swift; sourceTree = "<group>"; };
		A49B6E3D2358BF6C0086C21F /* PhotoViewCell.swift */ = {isa = PBXFileReference; fileEncoding = 4; lastKnownFileType = sourcecode.swift; path = PhotoViewCell.swift; sourceTree = "<group>"; };
		A4D6B9FF235B9AC8002001E6 /* FlickrPhotoDownloadEndpoint.swift */ = {isa = PBXFileReference; lastKnownFileType = sourcecode.swift; path = FlickrPhotoDownloadEndpoint.swift; sourceTree = "<group>"; };
/* End PBXFileReference section */

/* Begin PBXFrameworksBuildPhase section */
		A49B6DF323587AEB0086C21F /* Frameworks */ = {
			isa = PBXFrameworksBuildPhase;
			buildActionMask = 2147483647;
			files = (
			);
			runOnlyForDeploymentPostprocessing = 0;
		};
		A49B6E0723587AEE0086C21F /* Frameworks */ = {
			isa = PBXFrameworksBuildPhase;
			buildActionMask = 2147483647;
			files = (
			);
			runOnlyForDeploymentPostprocessing = 0;
		};
		A49B6E1223587AEE0086C21F /* Frameworks */ = {
			isa = PBXFrameworksBuildPhase;
			buildActionMask = 2147483647;
			files = (
			);
			runOnlyForDeploymentPostprocessing = 0;
		};
/* End PBXFrameworksBuildPhase section */

/* Begin PBXGroup section */
		A46E9DF82358DCC0002E2799 /* Model */ = {
			isa = PBXGroup;
			children = (
				A46E9DFB2358DE39002E2799 /* FlickrPhoto.swift */,
				A46B6C2D2359CA69005BDA8F /* PhotoSearchResultViewModel.swift */,
				A46E9DF92358DCE2002E2799 /* PhotoSearchRespose.swift */,
			);
			path = Model;
			sourceTree = "<group>";
		};
		A49B6DED23587AEB0086C21F = {
			isa = PBXGroup;
			children = (
				A49B6DF823587AEB0086C21F /* FlickrMe */,
				A49B6E0D23587AEE0086C21F /* FlickrMeTests */,
				A49B6E1823587AEE0086C21F /* FlickrMeUITests */,
				A49B6DF723587AEB0086C21F /* Products */,
			);
			sourceTree = "<group>";
		};
		A49B6DF723587AEB0086C21F /* Products */ = {
			isa = PBXGroup;
			children = (
				A49B6DF623587AEB0086C21F /* FlickrMe.app */,
				A49B6E0A23587AEE0086C21F /* FlickrMeTests.xctest */,
				A49B6E1523587AEE0086C21F /* FlickrMeUITests.xctest */,
			);
			name = Products;
			sourceTree = "<group>";
		};
		A49B6DF823587AEB0086C21F /* FlickrMe */ = {
			isa = PBXGroup;
			children = (
				A46E9DF82358DCC0002E2799 /* Model */,
				A49B6E3823587CF70086C21F /* View */,
				A49B6E2723587B570086C21F /* Network */,
				A49B6DF923587AEB0086C21F /* AppDelegate.swift */,
				A49B6DFD23587AEB0086C21F /* Main.storyboard */,
				A49B6E0023587AED0086C21F /* Assets.xcassets */,
				A49B6E0223587AED0086C21F /* LaunchScreen.storyboard */,
				A49B6E0523587AED0086C21F /* Info.plist */,
			);
			path = FlickrMe;
			sourceTree = "<group>";
		};
		A49B6E0D23587AEE0086C21F /* FlickrMeTests */ = {
			isa = PBXGroup;
			children = (
				A49B6E0E23587AEE0086C21F /* FlickrMeTests.swift */,
				A49B6E1023587AEE0086C21F /* Info.plist */,
			);
			path = FlickrMeTests;
			sourceTree = "<group>";
		};
		A49B6E1823587AEE0086C21F /* FlickrMeUITests */ = {
			isa = PBXGroup;
			children = (
				A49B6E1923587AEE0086C21F /* FlickrMeUITests.swift */,
				A49B6E1B23587AEE0086C21F /* Info.plist */,
			);
			path = FlickrMeUITests;
			sourceTree = "<group>";
		};
		A49B6E2723587B570086C21F /* Network */ = {
			isa = PBXGroup;
			children = (
				A49B6E2823587B570086C21F /* Encoding */,
				A49B6E2C23587B570086C21F /* Manager */,
				A49B6E2D23587B570086C21F /* Endpoint */,
				A49B6E2E23587B570086C21F /* Service */,
			);
			path = Network;
			sourceTree = "<group>";
		};
		A49B6E2823587B570086C21F /* Encoding */ = {
			isa = PBXGroup;
			children = (
				A49B6E2923587B570086C21F /* ParameterEncoding.swift */,
				A49B6E2A23587B570086C21F /* URLParameterEncoder.swift */,
				A49B6E2B23587B570086C21F /* JSONParameterEncoder.swift */,
			);
			path = Encoding;
			sourceTree = "<group>";
		};
		A49B6E2C23587B570086C21F /* Manager */ = {
			isa = PBXGroup;
			children = (
				A46E9DF42358D143002E2799 /* NetworkManager.swift */,
			);
			path = Manager;
			sourceTree = "<group>";
		};
		A49B6E2D23587B570086C21F /* Endpoint */ = {
			isa = PBXGroup;
			children = (
				A46E9DF02358C0A3002E2799 /* EndpointType.swift */,
				A46E9DF22358CA37002E2799 /* FlickrEndpoint.swift */,
				A4D6B9FF235B9AC8002001E6 /* FlickrPhotoDownloadEndpoint.swift */,
			);
			path = Endpoint;
			sourceTree = "<group>";
		};
		A49B6E2E23587B570086C21F /* Service */ = {
			isa = PBXGroup;
			children = (
				A49B6E2F23587B570086C21F /* NetworkEndpoint.swift */,
				A46C871B235CC5420044DA82 /* ImageDownloader.swift */,
				A46C871D235CC5850044DA82 /* ImageTask.swift */,
				A49B6E3023587B570086C21F /* HTTPTask.swift */,
			);
			path = Service;
			sourceTree = "<group>";
		};
		A49B6E3823587CF70086C21F /* View */ = {
			isa = PBXGroup;
			children = (
				A49B6E3D2358BF6C0086C21F /* PhotoViewCell.swift */,
				A49B6E3923587EED0086C21F /* SearchPhotosViewController.swift */,
			);
			path = View;
			sourceTree = "<group>";
		};
/* End PBXGroup section */

/* Begin PBXNativeTarget section */
		A49B6DF523587AEB0086C21F /* FlickrMe */ = {
			isa = PBXNativeTarget;
			buildConfigurationList = A49B6E1E23587AEE0086C21F /* Build configuration list for PBXNativeTarget "FlickrMe" */;
			buildPhases = (
				A49B6DF223587AEB0086C21F /* Sources */,
				A49B6DF323587AEB0086C21F /* Frameworks */,
				A49B6DF423587AEB0086C21F /* Resources */,
			);
			buildRules = (
			);
			dependencies = (
			);
			name = FlickrMe;
			productName = FlickrMe;
			productReference = A49B6DF623587AEB0086C21F /* FlickrMe.app */;
			productType = "com.apple.product-type.application";
		};
		A49B6E0923587AEE0086C21F /* FlickrMeTests */ = {
			isa = PBXNativeTarget;
			buildConfigurationList = A49B6E2123587AEE0086C21F /* Build configuration list for PBXNativeTarget "FlickrMeTests" */;
			buildPhases = (
				A49B6E0623587AEE0086C21F /* Sources */,
				A49B6E0723587AEE0086C21F /* Frameworks */,
				A49B6E0823587AEE0086C21F /* Resources */,
			);
			buildRules = (
			);
			dependencies = (
				A49B6E0C23587AEE0086C21F /* PBXTargetDependency */,
			);
			name = FlickrMeTests;
			productName = FlickrMeTests;
			productReference = A49B6E0A23587AEE0086C21F /* FlickrMeTests.xctest */;
			productType = "com.apple.product-type.bundle.unit-test";
		};
		A49B6E1423587AEE0086C21F /* FlickrMeUITests */ = {
			isa = PBXNativeTarget;
			buildConfigurationList = A49B6E2423587AEE0086C21F /* Build configuration list for PBXNativeTarget "FlickrMeUITests" */;
			buildPhases = (
				A49B6E1123587AEE0086C21F /* Sources */,
				A49B6E1223587AEE0086C21F /* Frameworks */,
				A49B6E1323587AEE0086C21F /* Resources */,
			);
			buildRules = (
			);
			dependencies = (
				A49B6E1723587AEE0086C21F /* PBXTargetDependency */,
			);
			name = FlickrMeUITests;
			productName = FlickrMeUITests;
			productReference = A49B6E1523587AEE0086C21F /* FlickrMeUITests.xctest */;
			productType = "com.apple.product-type.bundle.ui-testing";
		};
/* End PBXNativeTarget section */

/* Begin PBXProject section */
		A49B6DEE23587AEB0086C21F /* Project object */ = {
			isa = PBXProject;
			attributes = {
				LastSwiftUpdateCheck = 1030;
				LastUpgradeCheck = 1030;
				ORGANIZATIONNAME = "Sujit Yadawad";
				TargetAttributes = {
					A49B6DF523587AEB0086C21F = {
						CreatedOnToolsVersion = 10.3;
					};
					A49B6E0923587AEE0086C21F = {
						CreatedOnToolsVersion = 10.3;
						TestTargetID = A49B6DF523587AEB0086C21F;
					};
					A49B6E1423587AEE0086C21F = {
						CreatedOnToolsVersion = 10.3;
						TestTargetID = A49B6DF523587AEB0086C21F;
					};
				};
			};
			buildConfigurationList = A49B6DF123587AEB0086C21F /* Build configuration list for PBXProject "FlickrMe" */;
			compatibilityVersion = "Xcode 9.3";
			developmentRegion = en;
			hasScannedForEncodings = 0;
			knownRegions = (
				en,
				Base,
			);
			mainGroup = A49B6DED23587AEB0086C21F;
			productRefGroup = A49B6DF723587AEB0086C21F /* Products */;
			projectDirPath = "";
			projectRoot = "";
			targets = (
				A49B6DF523587AEB0086C21F /* FlickrMe */,
				A49B6E0923587AEE0086C21F /* FlickrMeTests */,
				A49B6E1423587AEE0086C21F /* FlickrMeUITests */,
			);
		};
/* End PBXProject section */

/* Begin PBXResourcesBuildPhase section */
		A49B6DF423587AEB0086C21F /* Resources */ = {
			isa = PBXResourcesBuildPhase;
			buildActionMask = 2147483647;
			files = (
				A49B6E0423587AED0086C21F /* LaunchScreen.storyboard in Resources */,
				A49B6E0123587AED0086C21F /* Assets.xcassets in Resources */,
				A49B6DFF23587AEB0086C21F /* Main.storyboard in Resources */,
			);
			runOnlyForDeploymentPostprocessing = 0;
		};
		A49B6E0823587AEE0086C21F /* Resources */ = {
			isa = PBXResourcesBuildPhase;
			buildActionMask = 2147483647;
			files = (
			);
			runOnlyForDeploymentPostprocessing = 0;
		};
		A49B6E1323587AEE0086C21F /* Resources */ = {
			isa = PBXResourcesBuildPhase;
			buildActionMask = 2147483647;
			files = (
			);
			runOnlyForDeploymentPostprocessing = 0;
		};
/* End PBXResourcesBuildPhase section */

/* Begin PBXSourcesBuildPhase section */
		A49B6DF223587AEB0086C21F /* Sources */ = {
			isa = PBXSourcesBuildPhase;
			buildActionMask = 2147483647;
			files = (
				A46E9DF52358D143002E2799 /* NetworkManager.swift in Sources */,
				A46C871E235CC5850044DA82 /* ImageTask.swift in Sources */,
				A46E9DF12358C0A3002E2799 /* EndpointType.swift in Sources */,
				A46C871C235CC5420044DA82 /* ImageDownloader.swift in Sources */,
				A46E9DFA2358DCE2002E2799 /* PhotoSearchRespose.swift in Sources */,
				A49B6E3623587B570086C21F /* HTTPTask.swift in Sources */,
				A49B6E3423587B570086C21F /* JSONParameterEncoder.swift in Sources */,
				A46B6C2E2359CA69005BDA8F /* PhotoSearchResultViewModel.swift in Sources */,
				A49B6E3323587B570086C21F /* URLParameterEncoder.swift in Sources */,
				A49B6E3223587B570086C21F /* ParameterEncoding.swift in Sources */,
				A46E9DF32358CA37002E2799 /* FlickrEndpoint.swift in Sources */,
				A49B6E3B23587EEE0086C21F /* SearchPhotosViewController.swift in Sources */,
				A49B6DFA23587AEB0086C21F /* AppDelegate.swift in Sources */,
				A49B6E3523587B570086C21F /* NetworkEndpoint.swift in Sources */,
				A46E9DFC2358DE39002E2799 /* FlickrPhoto.swift in Sources */,
				A4D6BA00235B9AC8002001E6 /* FlickrPhotoDownloadEndpoint.swift in Sources */,
				A49B6E3E2358BF6C0086C21F /* PhotoViewCell.swift in Sources */,
			);
			runOnlyForDeploymentPostprocessing = 0;
		};
		A49B6E0623587AEE0086C21F /* Sources */ = {
			isa = PBXSourcesBuildPhase;
			buildActionMask = 2147483647;
			files = (
				A49B6E0F23587AEE0086C21F /* FlickrMeTests.swift in Sources */,
			);
			runOnlyForDeploymentPostprocessing = 0;
		};
		A49B6E1123587AEE0086C21F /* Sources */ = {
			isa = PBXSourcesBuildPhase;
			buildActionMask = 2147483647;
			files = (
				A49B6E1A23587AEE0086C21F /* FlickrMeUITests.swift in Sources */,
			);
			runOnlyForDeploymentPostprocessing = 0;
		};
/* End PBXSourcesBuildPhase section */

/* Begin PBXTargetDependency section */
		A49B6E0C23587AEE0086C21F /* PBXTargetDependency */ = {
			isa = PBXTargetDependency;
			target = A49B6DF523587AEB0086C21F /* FlickrMe */;
			targetProxy = A49B6E0B23587AEE0086C21F /* PBXContainerItemProxy */;
		};
		A49B6E1723587AEE0086C21F /* PBXTargetDependency */ = {
			isa = PBXTargetDependency;
			target = A49B6DF523587AEB0086C21F /* FlickrMe */;
			targetProxy = A49B6E1623587AEE0086C21F /* PBXContainerItemProxy */;
		};
/* End PBXTargetDependency section */

/* Begin PBXVariantGroup section */
		A49B6DFD23587AEB0086C21F /* Main.storyboard */ = {
			isa = PBXVariantGroup;
			children = (
				A49B6DFE23587AEB0086C21F /* Base */,
			);
			name = Main.storyboard;
			sourceTree = "<group>";
		};
		A49B6E0223587AED0086C21F /* LaunchScreen.storyboard */ = {
			isa = PBXVariantGroup;
			children = (
				A49B6E0323587AED0086C21F /* Base */,
			);
			name = LaunchScreen.storyboard;
			sourceTree = "<group>";
		};
/* End PBXVariantGroup section */

/* Begin XCBuildConfiguration section */
		A49B6E1C23587AEE0086C21F /* Debug */ = {
			isa = XCBuildConfiguration;
			buildSettings = {
				ALWAYS_SEARCH_USER_PATHS = NO;
				CLANG_ANALYZER_NONNULL = YES;
				CLANG_ANALYZER_NUMBER_OBJECT_CONVERSION = YES_AGGRESSIVE;
				CLANG_CXX_LANGUAGE_STANDARD = "gnu++14";
				CLANG_CXX_LIBRARY = "libc++";
				CLANG_ENABLE_MODULES = YES;
				CLANG_ENABLE_OBJC_ARC = YES;
				CLANG_ENABLE_OBJC_WEAK = YES;
				CLANG_WARN_BLOCK_CAPTURE_AUTORELEASING = YES;
				CLANG_WARN_BOOL_CONVERSION = YES;
				CLANG_WARN_COMMA = YES;
				CLANG_WARN_CONSTANT_CONVERSION = YES;
				CLANG_WARN_DEPRECATED_OBJC_IMPLEMENTATIONS = YES;
				CLANG_WARN_DIRECT_OBJC_ISA_USAGE = YES_ERROR;
				CLANG_WARN_DOCUMENTATION_COMMENTS = YES;
				CLANG_WARN_EMPTY_BODY = YES;
				CLANG_WARN_ENUM_CONVERSION = YES;
				CLANG_WARN_INFINITE_RECURSION = YES;
				CLANG_WARN_INT_CONVERSION = YES;
				CLANG_WARN_NON_LITERAL_NULL_CONVERSION = YES;
				CLANG_WARN_OBJC_IMPLICIT_RETAIN_SELF = YES;
				CLANG_WARN_OBJC_LITERAL_CONVERSION = YES;
				CLANG_WARN_OBJC_ROOT_CLASS = YES_ERROR;
				CLANG_WARN_RANGE_LOOP_ANALYSIS = YES;
				CLANG_WARN_STRICT_PROTOTYPES = YES;
				CLANG_WARN_SUSPICIOUS_MOVE = YES;
				CLANG_WARN_UNGUARDED_AVAILABILITY = YES_AGGRESSIVE;
				CLANG_WARN_UNREACHABLE_CODE = YES;
				CLANG_WARN__DUPLICATE_METHOD_MATCH = YES;
				CODE_SIGN_IDENTITY = "iPhone Developer";
				COPY_PHASE_STRIP = NO;
				DEBUG_INFORMATION_FORMAT = dwarf;
				ENABLE_STRICT_OBJC_MSGSEND = YES;
				ENABLE_TESTABILITY = YES;
				GCC_C_LANGUAGE_STANDARD = gnu11;
				GCC_DYNAMIC_NO_PIC = NO;
				GCC_NO_COMMON_BLOCKS = YES;
				GCC_OPTIMIZATION_LEVEL = 0;
				GCC_PREPROCESSOR_DEFINITIONS = (
					"DEBUG=1",
					"$(inherited)",
				);
				GCC_WARN_64_TO_32_BIT_CONVERSION = YES;
				GCC_WARN_ABOUT_RETURN_TYPE = YES_ERROR;
				GCC_WARN_UNDECLARED_SELECTOR = YES;
				GCC_WARN_UNINITIALIZED_AUTOS = YES_AGGRESSIVE;
				GCC_WARN_UNUSED_FUNCTION = YES;
				GCC_WARN_UNUSED_VARIABLE = YES;
				IPHONEOS_DEPLOYMENT_TARGET = 12.4;
				MTL_ENABLE_DEBUG_INFO = INCLUDE_SOURCE;
				MTL_FAST_MATH = YES;
				ONLY_ACTIVE_ARCH = YES;
				SDKROOT = iphoneos;
				SWIFT_ACTIVE_COMPILATION_CONDITIONS = DEBUG;
				SWIFT_OPTIMIZATION_LEVEL = "-Onone";
			};
			name = Debug;
		};
		A49B6E1D23587AEE0086C21F /* Release */ = {
			isa = XCBuildConfiguration;
			buildSettings = {
				ALWAYS_SEARCH_USER_PATHS = NO;
				CLANG_ANALYZER_NONNULL = YES;
				CLANG_ANALYZER_NUMBER_OBJECT_CONVERSION = YES_AGGRESSIVE;
				CLANG_CXX_LANGUAGE_STANDARD = "gnu++14";
				CLANG_CXX_LIBRARY = "libc++";
				CLANG_ENABLE_MODULES = YES;
				CLANG_ENABLE_OBJC_ARC = YES;
				CLANG_ENABLE_OBJC_WEAK = YES;
				CLANG_WARN_BLOCK_CAPTURE_AUTORELEASING = YES;
				CLANG_WARN_BOOL_CONVERSION = YES;
				CLANG_WARN_COMMA = YES;
				CLANG_WARN_CONSTANT_CONVERSION = YES;
				CLANG_WARN_DEPRECATED_OBJC_IMPLEMENTATIONS = YES;
				CLANG_WARN_DIRECT_OBJC_ISA_USAGE = YES_ERROR;
				CLANG_WARN_DOCUMENTATION_COMMENTS = YES;
				CLANG_WARN_EMPTY_BODY = YES;
				CLANG_WARN_ENUM_CONVERSION = YES;
				CLANG_WARN_INFINITE_RECURSION = YES;
				CLANG_WARN_INT_CONVERSION = YES;
				CLANG_WARN_NON_LITERAL_NULL_CONVERSION = YES;
				CLANG_WARN_OBJC_IMPLICIT_RETAIN_SELF = YES;
				CLANG_WARN_OBJC_LITERAL_CONVERSION = YES;
				CLANG_WARN_OBJC_ROOT_CLASS = YES_ERROR;
				CLANG_WARN_RANGE_LOOP_ANALYSIS = YES;
				CLANG_WARN_STRICT_PROTOTYPES = YES;
				CLANG_WARN_SUSPICIOUS_MOVE = YES;
				CLANG_WARN_UNGUARDED_AVAILABILITY = YES_AGGRESSIVE;
				CLANG_WARN_UNREACHABLE_CODE = YES;
				CLANG_WARN__DUPLICATE_METHOD_MATCH = YES;
				CODE_SIGN_IDENTITY = "iPhone Developer";
				COPY_PHASE_STRIP = NO;
				DEBUG_INFORMATION_FORMAT = "dwarf-with-dsym";
				ENABLE_NS_ASSERTIONS = NO;
				ENABLE_STRICT_OBJC_MSGSEND = YES;
				GCC_C_LANGUAGE_STANDARD = gnu11;
				GCC_NO_COMMON_BLOCKS = YES;
				GCC_WARN_64_TO_32_BIT_CONVERSION = YES;
				GCC_WARN_ABOUT_RETURN_TYPE = YES_ERROR;
				GCC_WARN_UNDECLARED_SELECTOR = YES;
				GCC_WARN_UNINITIALIZED_AUTOS = YES_AGGRESSIVE;
				GCC_WARN_UNUSED_FUNCTION = YES;
				GCC_WARN_UNUSED_VARIABLE = YES;
				IPHONEOS_DEPLOYMENT_TARGET = 12.4;
				MTL_ENABLE_DEBUG_INFO = NO;
				MTL_FAST_MATH = YES;
				SDKROOT = iphoneos;
				SWIFT_COMPILATION_MODE = wholemodule;
				SWIFT_OPTIMIZATION_LEVEL = "-O";
				VALIDATE_PRODUCT = YES;
			};
			name = Release;
		};
		A49B6E1F23587AEE0086C21F /* Debug */ = {
			isa = XCBuildConfiguration;
			buildSettings = {
				ASSETCATALOG_COMPILER_APPICON_NAME = AppIcon;
				CODE_SIGN_STYLE = Automatic;
				INFOPLIST_FILE = FlickrMe/Info.plist;
				LD_RUNPATH_SEARCH_PATHS = (
					"$(inherited)",
					"@executable_path/Frameworks",
				);
				PRODUCT_BUNDLE_IDENTIFIER = syadawad.FlickrMe;
				PRODUCT_NAME = "$(TARGET_NAME)";
				SWIFT_VERSION = 5.0;
				TARGETED_DEVICE_FAMILY = "1,2";
			};
			name = Debug;
		};
		A49B6E2023587AEE0086C21F /* Release */ = {
			isa = XCBuildConfiguration;
			buildSettings = {
				ASSETCATALOG_COMPILER_APPICON_NAME = AppIcon;
				CODE_SIGN_STYLE = Automatic;
				INFOPLIST_FILE = FlickrMe/Info.plist;
				LD_RUNPATH_SEARCH_PATHS = (
					"$(inherited)",
					"@executable_path/Frameworks",
				);
				PRODUCT_BUNDLE_IDENTIFIER = syadawad.FlickrMe;
				PRODUCT_NAME = "$(TARGET_NAME)";
				SWIFT_VERSION = 5.0;
				TARGETED_DEVICE_FAMILY = "1,2";
			};
			name = Release;
		};
		A49B6E2223587AEE0086C21F /* Debug */ = {
			isa = XCBuildConfiguration;
			buildSettings = {
				ALWAYS_EMBED_SWIFT_STANDARD_LIBRARIES = YES;
				BUNDLE_LOADER = "$(TEST_HOST)";
				CODE_SIGN_STYLE = Automatic;
				INFOPLIST_FILE = FlickrMeTests/Info.plist;
				LD_RUNPATH_SEARCH_PATHS = (
					"$(inherited)",
					"@executable_path/Frameworks",
					"@loader_path/Frameworks",
				);
				PRODUCT_BUNDLE_IDENTIFIER = syadawad.FlickrMeTests;
				PRODUCT_NAME = "$(TARGET_NAME)";
				SWIFT_VERSION = 5.0;
				TARGETED_DEVICE_FAMILY = "1,2";
				TEST_HOST = "$(BUILT_PRODUCTS_DIR)/FlickrMe.app/FlickrMe";
			};
			name = Debug;
		};
		A49B6E2323587AEE0086C21F /* Release */ = {
			isa = XCBuildConfiguration;
			buildSettings = {
				ALWAYS_EMBED_SWIFT_STANDARD_LIBRARIES = YES;
				BUNDLE_LOADER = "$(TEST_HOST)";
				CODE_SIGN_STYLE = Automatic;
				INFOPLIST_FILE = FlickrMeTests/Info.plist;
				LD_RUNPATH_SEARCH_PATHS = (
					"$(inherited)",
					"@executable_path/Frameworks",
					"@loader_path/Frameworks",
				);
				PRODUCT_BUNDLE_IDENTIFIER = syadawad.FlickrMeTests;
				PRODUCT_NAME = "$(TARGET_NAME)";
				SWIFT_VERSION = 5.0;
				TARGETED_DEVICE_FAMILY = "1,2";
				TEST_HOST = "$(BUILT_PRODUCTS_DIR)/FlickrMe.app/FlickrMe";
			};
			name = Release;
		};
		A49B6E2523587AEE0086C21F /* Debug */ = {
			isa = XCBuildConfiguration;
			buildSettings = {
				ALWAYS_EMBED_SWIFT_STANDARD_LIBRARIES = YES;
				CODE_SIGN_STYLE = Automatic;
				INFOPLIST_FILE = FlickrMeUITests/Info.plist;
				LD_RUNPATH_SEARCH_PATHS = (
					"$(inherited)",
					"@executable_path/Frameworks",
					"@loader_path/Frameworks",
				);
				PRODUCT_BUNDLE_IDENTIFIER = syadawad.FlickrMeUITests;
				PRODUCT_NAME = "$(TARGET_NAME)";
				SWIFT_VERSION = 5.0;
				TARGETED_DEVICE_FAMILY = "1,2";
				TEST_TARGET_NAME = FlickrMe;
			};
			name = Debug;
		};
		A49B6E2623587AEE0086C21F /* Release */ = {
			isa = XCBuildConfiguration;
			buildSettings = {
				ALWAYS_EMBED_SWIFT_STANDARD_LIBRARIES = YES;
				CODE_SIGN_STYLE = Automatic;
				INFOPLIST_FILE = FlickrMeUITests/Info.plist;
				LD_RUNPATH_SEARCH_PATHS = (
					"$(inherited)",
					"@executable_path/Frameworks",
					"@loader_path/Frameworks",
				);
				PRODUCT_BUNDLE_IDENTIFIER = syadawad.FlickrMeUITests;
				PRODUCT_NAME = "$(TARGET_NAME)";
				SWIFT_VERSION = 5.0;
				TARGETED_DEVICE_FAMILY = "1,2";
				TEST_TARGET_NAME = FlickrMe;
			};
			name = Release;
		};
/* End XCBuildConfiguration section */

/* Begin XCConfigurationList section */
		A49B6DF123587AEB0086C21F /* Build configuration list for PBXProject "FlickrMe" */ = {
			isa = XCConfigurationList;
			buildConfigurations = (
				A49B6E1C23587AEE0086C21F /* Debug */,
				A49B6E1D23587AEE0086C21F /* Release */,
			);
			defaultConfigurationIsVisible = 0;
			defaultConfigurationName = Release;
		};
		A49B6E1E23587AEE0086C21F /* Build configuration list for PBXNativeTarget "FlickrMe" */ = {
			isa = XCConfigurationList;
			buildConfigurations = (
				A49B6E1F23587AEE0086C21F /* Debug */,
				A49B6E2023587AEE0086C21F /* Release */,
			);
			defaultConfigurationIsVisible = 0;
			defaultConfigurationName = Release;
		};
		A49B6E2123587AEE0086C21F /* Build configuration list for PBXNativeTarget "FlickrMeTests" */ = {
			isa = XCConfigurationList;
			buildConfigurations = (
				A49B6E2223587AEE0086C21F /* Debug */,
				A49B6E2323587AEE0086C21F /* Release */,
			);
			defaultConfigurationIsVisible = 0;
			defaultConfigurationName = Release;
		};
		A49B6E2423587AEE0086C21F /* Build configuration list for PBXNativeTarget "FlickrMeUITests" */ = {
			isa = XCConfigurationList;
			buildConfigurations = (
				A49B6E2523587AEE0086C21F /* Debug */,
				A49B6E2623587AEE0086C21F /* Release */,
			);
			defaultConfigurationIsVisible = 0;
			defaultConfigurationName = Release;
		};
/* End XCConfigurationList section */
	};
	rootObject = A49B6DEE23587AEB0086C21F /* Project object */;
}
